// !$*UTF8*$!
{
	archiveVersion = 1;
	classes = {
	};
	objectVersion = 46;
	objects = {

/* Begin PBXBuildFile section */
		FB18B46A1A18C8DC00AC674C /* SpaceshipScene.m in Sources */ = {isa = PBXBuildFile; fileRef = FB18B4691A18C8DC00AC674C /* SpaceshipScene.m */; };
		FB36276A1A18B04800E5D9D3 /* main.m in Sources */ = {isa = PBXBuildFile; fileRef = FB3627691A18B04800E5D9D3 /* main.m */; };
		FB36276D1A18B04800E5D9D3 /* AppDelegate.m in Sources */ = {isa = PBXBuildFile; fileRef = FB36276C1A18B04800E5D9D3 /* AppDelegate.m */; };
		FB3627701A18B04800E5D9D3 /* ViewController.m in Sources */ = {isa = PBXBuildFile; fileRef = FB36276F1A18B04800E5D9D3 /* ViewController.m */; };
		FB3627731A18B04800E5D9D3 /* Main.storyboard in Resources */ = {isa = PBXBuildFile; fileRef = FB3627711A18B04800E5D9D3 /* Main.storyboard */; };
		FB3627751A18B04800E5D9D3 /* Images.xcassets in Resources */ = {isa = PBXBuildFile; fileRef = FB3627741A18B04800E5D9D3 /* Images.xcassets */; };
		FB3627781A18B04800E5D9D3 /* LaunchScreen.xib in Resources */ = {isa = PBXBuildFile; fileRef = FB3627761A18B04800E5D9D3 /* LaunchScreen.xib */; };
		FB3627841A18B04800E5D9D3 /* SpriteWalkthroughTests.m in Sources */ = {isa = PBXBuildFile; fileRef = FB3627831A18B04800E5D9D3 /* SpriteWalkthroughTests.m */; };
		FB36278E1A18B17700E5D9D3 /* SpriteKit.framework in Frameworks */ = {isa = PBXBuildFile; fileRef = FB36278D1A18B17700E5D9D3 /* SpriteKit.framework */; };
		FB4BC0921A18B86900CF3BBA /* HelloScene.m in Sources */ = {isa = PBXBuildFile; fileRef = FB4BC0911A18B86900CF3BBA /* HelloScene.m */; };
/* End PBXBuildFile section */

/* Begin PBXContainerItemProxy section */
		FB36277E1A18B04800E5D9D3 /* PBXContainerItemProxy */ = {
			isa = PBXContainerItemProxy;
			containerPortal = FB36275C1A18B04800E5D9D3 /* Project object */;
			proxyType = 1;
			remoteGlobalIDString = FB3627631A18B04800E5D9D3;
			remoteInfo = SpriteWalkthrough;
		};
/* End PBXContainerItemProxy section */

/* Begin PBXFileReference section */
		FB18B4681A18C8DC00AC674C /* SpaceshipScene.h */ = {isa = PBXFileReference; fileEncoding = 4; lastKnownFileType = sourcecode.c.h; path = SpaceshipScene.h; sourceTree = "<group>"; };
		FB18B4691A18C8DC00AC674C /* SpaceshipScene.m */ = {isa = PBXFileReference; fileEncoding = 4; lastKnownFileType = sourcecode.c.objc; path = SpaceshipScene.m; sourceTree = "<group>"; };
		FB3627641A18B04800E5D9D3 /* SpriteWalkthrough.app */ = {isa = PBXFileReference; explicitFileType = wrapper.application; includeInIndex = 0; path = SpriteWalkthrough.app; sourceTree = BUILT_PRODUCTS_DIR; };
		FB3627681A18B04800E5D9D3 /* Info.plist */ = {isa = PBXFileReference; lastKnownFileType = text.plist.xml; path = Info.plist; sourceTree = "<group>"; };
		FB3627691A18B04800E5D9D3 /* main.m */ = {isa = PBXFileReference; lastKnownFileType = sourcecode.c.objc; path = main.m; sourceTree = "<group>"; };
		FB36276B1A18B04800E5D9D3 /* AppDelegate.h */ = {isa = PBXFileReference; lastKnownFileType = sourcecode.c.h; path = AppDelegate.h; sourceTree = "<group>"; };
		FB36276C1A18B04800E5D9D3 /* AppDelegate.m */ = {isa = PBXFileReference; lastKnownFileType = sourcecode.c.objc; path = AppDelegate.m; sourceTree = "<group>"; };
		FB36276E1A18B04800E5D9D3 /* ViewController.h */ = {isa = PBXFileReference; lastKnownFileType = sourcecode.c.h; path = ViewController.h; sourceTree = "<group>"; };
		FB36276F1A18B04800E5D9D3 /* ViewController.m */ = {isa = PBXFileReference; lastKnownFileType = sourcecode.c.objc; path = ViewController.m; sourceTree = "<group>"; };
		FB3627721A18B04800E5D9D3 /* Base */ = {isa = PBXFileReference; lastKnownFileType = file.storyboard; name = Base; path = Base.lproj/Main.storyboard; sourceTree = "<group>"; };
		FB3627741A18B04800E5D9D3 /* Images.xcassets */ = {isa = PBXFileReference; lastKnownFileType = folder.assetcatalog; path = Images.xcassets; sourceTree = "<group>"; };
		FB3627771A18B04800E5D9D3 /* Base */ = {isa = PBXFileReference; lastKnownFileType = file.xib; name = Base; path = Base.lproj/LaunchScreen.xib; sourceTree = "<group>"; };
		FB36277D1A18B04800E5D9D3 /* SpriteWalkthroughTests.xctest */ = {isa = PBXFileReference; explicitFileType = wrapper.cfbundle; includeInIndex = 0; path = SpriteWalkthroughTests.xctest; sourceTree = BUILT_PRODUCTS_DIR; };
		FB3627821A18B04800E5D9D3 /* Info.plist */ = {isa = PBXFileReference; lastKnownFileType = text.plist.xml; path = Info.plist; sourceTree = "<group>"; };
		FB3627831A18B04800E5D9D3 /* SpriteWalkthroughTests.m */ = {isa = PBXFileReference; lastKnownFileType = sourcecode.c.objc; path = SpriteWalkthroughTests.m; sourceTree = "<group>"; };
		FB36278D1A18B17700E5D9D3 /* SpriteKit.framework */ = {isa = PBXFileReference; lastKnownFileType = wrapper.framework; name = SpriteKit.framework; path = System/Library/Frameworks/SpriteKit.framework; sourceTree = SDKROOT; };
		FB4BC0901A18B86900CF3BBA /* HelloScene.h */ = {isa = PBXFileReference; fileEncoding = 4; lastKnownFileType = sourcecode.c.h; path = HelloScene.h; sourceTree = "<group>"; };
		FB4BC0911A18B86900CF3BBA /* HelloScene.m */ = {isa = PBXFileReference; fileEncoding = 4; lastKnownFileType = sourcecode.c.objc; path = HelloScene.m; sourceTree = "<group>"; };
/* End PBXFileReference section */

/* Begin PBXFrameworksBuildPhase section */
		FB3627611A18B04800E5D9D3 /* Frameworks */ = {
			isa = PBXFrameworksBuildPhase;
			buildActionMask = 2147483647;
			files = (
				FB36278E1A18B17700E5D9D3 /* SpriteKit.framework in Frameworks */,
			);
			runOnlyForDeploymentPostprocessing = 0;
		};
		FB36277A1A18B04800E5D9D3 /* Frameworks */ = {
			isa = PBXFrameworksBuildPhase;
			buildActionMask = 2147483647;
			files = (
			);
			runOnlyForDeploymentPostprocessing = 0;
		};
/* End PBXFrameworksBuildPhase section */

/* Begin PBXGroup section */
		FB36275B1A18B04800E5D9D3 = {
			isa = PBXGroup;
			children = (
				FB3627661A18B04800E5D9D3 /* SpriteWalkthrough */,
				FB36278F1A18B22500E5D9D3 /* Frameworks */,
				FB3627801A18B04800E5D9D3 /* SpriteWalkthroughTests */,
				FB3627651A18B04800E5D9D3 /* Products */,
			);
			sourceTree = "<group>";
		};
		FB3627651A18B04800E5D9D3 /* Products */ = {
			isa = PBXGroup;
			children = (
				FB3627641A18B04800E5D9D3 /* SpriteWalkthrough.app */,
				FB36277D1A18B04800E5D9D3 /* SpriteWalkthroughTests.xctest */,
			);
			name = Products;
			sourceTree = "<group>";
		};
		FB3627661A18B04800E5D9D3 /* SpriteWalkthrough */ = {
			isa = PBXGroup;
			children = (
				FB36276B1A18B04800E5D9D3 /* AppDelegate.h */,
				FB36276C1A18B04800E5D9D3 /* AppDelegate.m */,
				FB36276E1A18B04800E5D9D3 /* ViewController.h */,
				FB36276F1A18B04800E5D9D3 /* ViewController.m */,
				FB3627711A18B04800E5D9D3 /* Main.storyboard */,
				FB4BC0901A18B86900CF3BBA /* HelloScene.h */,
				FB4BC0911A18B86900CF3BBA /* HelloScene.m */,
				FB18B4681A18C8DC00AC674C /* SpaceshipScene.h */,
				FB18B4691A18C8DC00AC674C /* SpaceshipScene.m */,
				FB3627741A18B04800E5D9D3 /* Images.xcassets */,
				FB3627761A18B04800E5D9D3 /* LaunchScreen.xib */,
				FB3627671A18B04800E5D9D3 /* Supporting Files */,
			);
			path = SpriteWalkthrough;
			sourceTree = "<group>";
		};
		FB3627671A18B04800E5D9D3 /* Supporting Files */ = {
			isa = PBXGroup;
			children = (
				FB3627681A18B04800E5D9D3 /* Info.plist */,
				FB3627691A18B04800E5D9D3 /* main.m */,
			);
			name = "Supporting Files";
			sourceTree = "<group>";
		};
		FB3627801A18B04800E5D9D3 /* SpriteWalkthroughTests */ = {
			isa = PBXGroup;
			children = (
				FB3627831A18B04800E5D9D3 /* SpriteWalkthroughTests.m */,
				FB3627811A18B04800E5D9D3 /* Supporting Files */,
			);
			path = SpriteWalkthroughTests;
			sourceTree = "<group>";
		};
		FB3627811A18B04800E5D9D3 /* Supporting Files */ = {
			isa = PBXGroup;
			children = (
				FB3627821A18B04800E5D9D3 /* Info.plist */,
			);
			name = "Supporting Files";
			sourceTree = "<group>";
		};
		FB36278F1A18B22500E5D9D3 /* Frameworks */ = {
			isa = PBXGroup;
			children = (
				FB36278D1A18B17700E5D9D3 /* SpriteKit.framework */,
			);
			name = Frameworks;
			sourceTree = "<group>";
		};
/* End PBXGroup section */

/* Begin PBXNativeTarget section */
		FB3627631A18B04800E5D9D3 /* SpriteWalkthrough */ = {
			isa = PBXNativeTarget;
			buildConfigurationList = FB3627871A18B04800E5D9D3 /* Build configuration list for PBXNativeTarget "SpriteWalkthrough" */;
			buildPhases = (
				FB3627601A18B04800E5D9D3 /* Sources */,
				FB3627611A18B04800E5D9D3 /* Frameworks */,
				FB3627621A18B04800E5D9D3 /* Resources */,
			);
			buildRules = (
			);
			dependencies = (
			);
			name = SpriteWalkthrough;
			productName = SpriteWalkthrough;
			productReference = FB3627641A18B04800E5D9D3 /* SpriteWalkthrough.app */;
			productType = "com.apple.product-type.application";
		};
		FB36277C1A18B04800E5D9D3 /* SpriteWalkthroughTests */ = {
			isa = PBXNativeTarget;
			buildConfigurationList = FB36278A1A18B04900E5D9D3 /* Build configuration list for PBXNativeTarget "SpriteWalkthroughTests" */;
			buildPhases = (
				FB3627791A18B04800E5D9D3 /* Sources */,
				FB36277A1A18B04800E5D9D3 /* Frameworks */,
				FB36277B1A18B04800E5D9D3 /* Resources */,
			);
			buildRules = (
			);
			dependencies = (
				FB36277F1A18B04800E5D9D3 /* PBXTargetDependency */,
			);
			name = SpriteWalkthroughTests;
			productName = SpriteWalkthroughTests;
			productReference = FB36277D1A18B04800E5D9D3 /* SpriteWalkthroughTests.xctest */;
			productType = "com.apple.product-type.bundle.unit-test";
		};
/* End PBXNativeTarget section */

/* Begin PBXProject section */
		FB36275C1A18B04800E5D9D3 /* Project object */ = {
			isa = PBXProject;
			attributes = {
				LastUpgradeCheck = 0600;
				ORGANIZATIONNAME = "Neftali Reviriego";
				TargetAttributes = {
					FB3627631A18B04800E5D9D3 = {
						CreatedOnToolsVersion = 6.0.1;
					};
					FB36277C1A18B04800E5D9D3 = {
						CreatedOnToolsVersion = 6.0.1;
						TestTargetID = FB3627631A18B04800E5D9D3;
					};
				};
			};
			buildConfigurationList = FB36275F1A18B04800E5D9D3 /* Build configuration list for PBXProject "SpriteWalkthrough" */;
			compatibilityVersion = "Xcode 3.2";
			developmentRegion = English;
			hasScannedForEncodings = 0;
			knownRegions = (
				en,
				Base,
			);
			mainGroup = FB36275B1A18B04800E5D9D3;
			productRefGroup = FB3627651A18B04800E5D9D3 /* Products */;
			projectDirPath = "";
			projectRoot = "";
			targets = (
				FB3627631A18B04800E5D9D3 /* SpriteWalkthrough */,
				FB36277C1A18B04800E5D9D3 /* SpriteWalkthroughTests */,
			);
		};
/* End PBXProject section */

/* Begin PBXResourcesBuildPhase section */
		FB3627621A18B04800E5D9D3 /* Resources */ = {
			isa = PBXResourcesBuildPhase;
			buildActionMask = 2147483647;
			files = (
				FB3627731A18B04800E5D9D3 /* Main.storyboard in Resources */,
				FB3627781A18B04800E5D9D3 /* LaunchScreen.xib in Resources */,
				FB3627751A18B04800E5D9D3 /* Images.xcassets in Resources */,
			);
			runOnlyForDeploymentPostprocessing = 0;
		};
		FB36277B1A18B04800E5D9D3 /* Resources */ = {
			isa = PBXResourcesBuildPhase;
			buildActionMask = 2147483647;
			files = (
			);
			runOnlyForDeploymentPostprocessing = 0;
		};
/* End PBXResourcesBuildPhase section */

/* Begin PBXSourcesBuildPhase section */
		FB3627601A18B04800E5D9D3 /* Sources */ = {
			isa = PBXSourcesBuildPhase;
			buildActionMask = 2147483647;
			files = (
				FB3627701A18B04800E5D9D3 /* ViewController.m in Sources */,
				FB4BC0921A18B86900CF3BBA /* HelloScene.m in Sources */,
				FB18B46A1A18C8DC00AC674C /* SpaceshipScene.m in Sources */,
				FB36276D1A18B04800E5D9D3 /* AppDelegate.m in Sources */,
				FB36276A1A18B04800E5D9D3 /* main.m in Sources */,
			);
			runOnlyForDeploymentPostprocessing = 0;
		};
		FB3627791A18B04800E5D9D3 /* Sources */ = {
			isa = PBXSourcesBuildPhase;
			buildActionMask = 2147483647;
			files = (
				FB3627841A18B04800E5D9D3 /* SpriteWalkthroughTests.m in Sources */,
			);
			runOnlyForDeploymentPostprocessing = 0;
		};
/* End PBXSourcesBuildPhase section */

/* Begin PBXTargetDependency section */
		FB36277F1A18B04800E5D9D3 /* PBXTargetDependency */ = {
			isa = PBXTargetDependency;
			target = FB3627631A18B04800E5D9D3 /* SpriteWalkthrough */;
			targetProxy = FB36277E1A18B04800E5D9D3 /* PBXContainerItemProxy */;
		};
/* End PBXTargetDependency section */

/* Begin PBXVariantGroup section */
		FB3627711A18B04800E5D9D3 /* Main.storyboard */ = {
			isa = PBXVariantGroup;
			children = (
				FB3627721A18B04800E5D9D3 /* Base */,
			);
			name = Main.storyboard;
			sourceTree = "<group>";
		};
		FB3627761A18B04800E5D9D3 /* LaunchScreen.xib */ = {
			isa = PBXVariantGroup;
			children = (
				FB3627771A18B04800E5D9D3 /* Base */,
			);
			name = LaunchScreen.xib;
			sourceTree = "<group>";
		};
/* End PBXVariantGroup section */

/* Begin XCBuildConfiguration section */
		FB3627851A18B04800E5D9D3 /* Debug */ = {
			isa = XCBuildConfiguration;
			buildSettings = {
				ALWAYS_SEARCH_USER_PATHS = NO;
				CLANG_CXX_LANGUAGE_STANDARD = "gnu++0x";
				CLANG_CXX_LIBRARY = "libc++";
				CLANG_ENABLE_MODULES = YES;
				CLANG_ENABLE_OBJC_ARC = YES;
				CLANG_WARN_BOOL_CONVERSION = YES;
				CLANG_WARN_CONSTANT_CONVERSION = YES;
				CLANG_WARN_DIRECT_OBJC_ISA_USAGE = YES_ERROR;
				CLANG_WARN_EMPTY_BODY = YES;
				CLANG_WARN_ENUM_CONVERSION = YES;
				CLANG_WARN_INT_CONVERSION = YES;
				CLANG_WARN_OBJC_ROOT_CLASS = YES_ERROR;
				CLANG_WARN_UNREACHABLE_CODE = YES;
				CLANG_WARN__DUPLICATE_METHOD_MATCH = YES;
				CODE_SIGN_IDENTITY = "iPhone Developer";
				"CODE_SIGN_IDENTITY[sdk=iphoneos*]" = "iPhone Developer: Neftali Reviriego (96MW9636FT)";
				COPY_PHASE_STRIP = NO;
				ENABLE_STRICT_OBJC_MSGSEND = YES;
				GCC_C_LANGUAGE_STANDARD = gnu99;
				GCC_DYNAMIC_NO_PIC = NO;
				GCC_OPTIMIZATION_LEVEL = 0;
				GCC_PREPROCESSOR_DEFINITIONS = (
					"DEBUG=1",
					"$(inherited)",
				);
				GCC_SYMBOLS_PRIVATE_EXTERN = NO;
				GCC_WARN_64_TO_32_BIT_CONVERSION = YES;
				GCC_WARN_ABOUT_RETURN_TYPE = YES_ERROR;
				GCC_WARN_UNDECLARED_SELECTOR = YES;
				GCC_WARN_UNINITIALIZED_AUTOS = YES_AGGRESSIVE;
				GCC_WARN_UNUSED_FUNCTION = YES;
				GCC_WARN_UNUSED_VARIABLE = YES;
				IPHONEOS_DEPLOYMENT_TARGET = 8.0;
				MTL_ENABLE_DEBUG_INFO = YES;
				ONLY_ACTIVE_ARCH = YES;
				SDKROOT = iphoneos;
				TARGETED_DEVICE_FAMILY = 2;
			};
			name = Debug;
		};
		FB3627861A18B04800E5D9D3 /* Release */ = {
			isa = XCBuildConfiguration;
			buildSettings = {
				ALWAYS_SEARCH_USER_PATHS = NO;
				CLANG_CXX_LANGUAGE_STANDARD = "gnu++0x";
				CLANG_CXX_LIBRARY = "libc++";
				CLANG_ENABLE_MODULES = YES;
				CLANG_ENABLE_OBJC_ARC = YES;
				CLANG_WARN_BOOL_CONVERSION = YES;
				CLANG_WARN_CONSTANT_CONVERSION = YES;
				CLANG_WARN_DIRECT_OBJC_ISA_USAGE = YES_ERROR;
				CLANG_WARN_EMPTY_BODY = YES;
				CLANG_WARN_ENUM_CONVERSION = YES;
				CLANG_WARN_INT_CONVERSION = YES;
				CLANG_WARN_OBJC_ROOT_CLASS = YES_ERROR;
				CLANG_WARN_UNREACHABLE_CODE = YES;
				CLANG_WARN__DUPLICATE_METHOD_MATCH = YES;
				"CODE_SIGN_IDENTITY[sdk=iphoneos*]" = "iPhone Developer";
				COPY_PHASE_STRIP = YES;
				ENABLE_NS_ASSERTIONS = NO;
				ENABLE_STRICT_OBJC_MSGSEND = YES;
				GCC_C_LANGUAGE_STANDARD = gnu99;
				GCC_WARN_64_TO_32_BIT_CONVERSION = YES;
				GCC_WARN_ABOUT_RETURN_TYPE = YES_ERROR;
				GCC_WARN_UNDECLARED_SELECTOR = YES;
				GCC_WARN_UNINITIALIZED_AUTOS = YES_AGGRESSIVE;
				GCC_WARN_UNUSED_FUNCTION = YES;
				GCC_WARN_UNUSED_VARIABLE = YES;
				IPHONEOS_DEPLOYMENT_TARGET = 8.0;
				MTL_ENABLE_DEBUG_INFO = NO;
				SDKROOT = iphoneos;
				TARGETED_DEVICE_FAMILY = 2;
				VALIDATE_PRODUCT = YES;
			};
			name = Release;
		};
		FB3627881A18B04800E5D9D3 /* Debug */ = {
			isa = XCBuildConfiguration;
			buildSettings = {
				ASSETCATALOG_COMPILER_APPICON_NAME = AppIcon;
				INFOPLIST_FILE = SpriteWalkthrough/Info.plist;
				LD_RUNPATH_SEARCH_PATHS = "$(inherited) @executable_path/Frameworks";
				PRODUCT_NAME = "$(TARGET_NAME)";
			};
			name = Debug;
		};
		FB3627891A18B04800E5D9D3 /* Release */ = {
			isa = XCBuildConfiguration;
			buildSettings = {
				ASSETCATALOG_COMPILER_APPICON_NAME = AppIcon;
				INFOPLIST_FILE = SpriteWalkthrough/Info.plist;
				LD_RUNPATH_SEARCH_PATHS = "$(inherited) @executable_path/Frameworks";
				PRODUCT_NAME = "$(TARGET_NAME)";
			};
			name = Release;
		};
		FB36278B1A18B04900E5D9D3 /* Debug */ = {
			isa = XCBuildConfiguration;
			buildSettings = {
				BUNDLE_LOADER = "$(TEST_HOST)";
				FRAMEWORK_SEARCH_PATHS = (
					"$(SDKROOT)/Developer/Library/Frameworks",
					"$(inherited)",
				);
				GCC_PREPROCESSOR_DEFINITIONS = (
					"DEBUG=1",
					"$(inherited)",
				);
				INFOPLIST_FILE = SpriteWalkthroughTests/Info.plist;
				LD_RUNPATH_SEARCH_PATHS = "$(inherited) @executable_path/Frameworks @loader_path/Frameworks";
				PRODUCT_NAME = "$(TARGET_NAME)";
				TEST_HOST = "$(BUILT_PRODUCTS_DIR)/SpriteWalkthrough.app/SpriteWalkthrough";
			};
			name = Debug;
		};
		FB36278C1A18B04900E5D9D3 /* Release */ = {
			isa = XCBuildConfiguration;
			buildSettings = {
				BUNDLE_LOADER = "$(TEST_HOST)";
				FRAMEWORK_SEARCH_PATHS = (
					"$(SDKROOT)/Developer/Library/Frameworks",
					"$(inherited)",
				);
				INFOPLIST_FILE = SpriteWalkthroughTests/Info.plist;
				LD_RUNPATH_SEARCH_PATHS = "$(inherited) @executable_path/Frameworks @loader_path/Frameworks";
				PRODUCT_NAME = "$(TARGET_NAME)";
				TEST_HOST = "$(BUILT_PRODUCTS_DIR)/SpriteWalkthrough.app/SpriteWalkthrough";
			};
			name = Release;
		};
/* End XCBuildConfiguration section */

/* Begin XCConfigurationList section */
		FB36275F1A18B04800E5D9D3 /* Build configuration list for PBXProject "SpriteWalkthrough" */ = {
			isa = XCConfigurationList;
			buildConfigurations = (
				FB3627851A18B04800E5D9D3 /* Debug */,
				FB3627861A18B04800E5D9D3 /* Release */,
			);
			defaultConfigurationIsVisible = 0;
			defaultConfigurationName = Debug;
		};
		FB3627871A18B04800E5D9D3 /* Build configuration list for PBXNativeTarget "SpriteWalkthrough" */ = {
			isa = XCConfigurationList;
			buildConfigurations = (
				FB3627881A18B04800E5D9D3 /* Debug */,
				FB3627891A18B04800E5D9D3 /* Release */,
			);
			defaultConfigurationIsVisible = 0;
			defaultConfigurationName = Debug;
		};
		FB36278A1A18B04900E5D9D3 /* Build configuration list for PBXNativeTarget "SpriteWalkthroughTests" */ = {
			isa = XCConfigurationList;
			buildConfigurations = (
				FB36278B1A18B04900E5D9D3 /* Debug */,
				FB36278C1A18B04900E5D9D3 /* Release */,
			);
			defaultConfigurationIsVisible = 0;
			defaultConfigurationName = Debug;
		};
/* End XCConfigurationList section */
	};
	rootObject = FB36275C1A18B04800E5D9D3 /* Project object */;
}
